
Microsoft Visual Studio Solution File, Format Version 12.00
# Visual Studio 15
VisualStudioVersion = 15.0.27703.2026
MinimumVisualStudioVersion = 10.0.40219.1
Project("{FAE04EC0-301F-11D3-BF4B-00C04F79EFBC}") = "FinsaWeb", "FinsaWeb\FinsaWeb.csproj", "{23F4EE99-DBF8-44A8-885C-132F5FE3C09C}"
EndProject
Project("{FAE04EC0-301F-11D3-BF4B-00C04F79EFBC}") = "FinsaTest", "FinsaTest\FinsaTest.csproj", "{E84110E5-9270-421F-BA22-C4C0D0B06576}"
EndProject
Global
	GlobalSection(SolutionConfigurationPlatforms) = preSolution
		Debug|Any CPU = Debug|Any CPU
		Release|Any CPU = Release|Any CPU
	EndGlobalSection
	GlobalSection(ProjectConfigurationPlatforms) = postSolution
		{23F4EE99-DBF8-44A8-885C-132F5FE3C09C}.Debug|Any CPU.ActiveCfg = Debug|Any CPU
		{23F4EE99-DBF8-44A8-885C-132F5FE3C09C}.Debug|Any CPU.Build.0 = Debug|Any CPU
		{23F4EE99-DBF8-44A8-885C-132F5FE3C09C}.Release|Any CPU.ActiveCfg = Release|Any CPU
		{23F4EE99-DBF8-44A8-885C-132F5FE3C09C}.Release|Any CPU.Build.0 = Release|Any CPU
		{E84110E5-9270-421F-BA22-C4C0D0B06576}.Debug|Any CPU.ActiveCfg = Debug|Any CPU
		{E84110E5-9270-421F-BA22-C4C0D0B06576}.Debug|Any CPU.Build.0 = Debug|Any CPU
		{E84110E5-9270-421F-BA22-C4C0D0B06576}.Release|Any CPU.ActiveCfg = Release|Any CPU
		{E84110E5-9270-421F-BA22-C4C0D0B06576}.Release|Any CPU.Build.0 = Release|Any CPU
	EndGlobalSection
	GlobalSection(SolutionProperties) = preSolution
		HideSolutionNode = FALSE
	EndGlobalSection
	GlobalSection(ExtensibilityGlobals) = postSolution
		SolutionGuid = {EE31CFBA-93BA-4081-A556-1E0B268693C2}
	EndGlobalSection
EndGlobal
